
Microsoft Visual Studio Solution File, Format Version 12.00
# Visual Studio Version 16
VisualStudioVersion = 16.0.31515.178
MinimumVisualStudioVersion = 10.0.40219.1
Project("{8BC9CEB8-8B4A-11D0-8D11-00A0C91BC942}") = "practice1", "practice1\practice1.vcxproj", "{138D52AB-6C73-4725-BA65-F11F4BF94883}"
EndProject
Project("{8BC9CEB8-8B4A-11D0-8D11-00A0C91BC942}") = "practice2", "practice2\practice2.vcxproj", "{D350D787-0558-43B6-BC67-A72438820D19}"
EndProject
Global
	GlobalSection(SolutionConfigurationPlatforms) = preSolution
		Debug|x64 = Debug|x64
		Debug|x86 = Debug|x86
		Release|x64 = Release|x64
		Release|x86 = Release|x86
	EndGlobalSection
	GlobalSection(ProjectConfigurationPlatforms) = postSolution
		{138D52AB-6C73-4725-BA65-F11F4BF94883}.Debug|x64.ActiveCfg = Debug|x64
		{138D52AB-6C73-4725-BA65-F11F4BF94883}.Debug|x64.Build.0 = Debug|x64
		{138D52AB-6C73-4725-BA65-F11F4BF94883}.Debug|x86.ActiveCfg = Debug|Win32
		{138D52AB-6C73-4725-BA65-F11F4BF94883}.Debug|x86.Build.0 = Debug|Win32
		{138D52AB-6C73-4725-BA65-F11F4BF94883}.Release|x64.ActiveCfg = Release|x64
		{138D52AB-6C73-4725-BA65-F11F4BF94883}.Release|x64.Build.0 = Release|x64
		{138D52AB-6C73-4725-BA65-F11F4BF94883}.Release|x86.ActiveCfg = Release|Win32
		{138D52AB-6C73-4725-BA65-F11F4BF94883}.Release|x86.Build.0 = Release|Win32
		{D350D787-0558-43B6-BC67-A72438820D19}.Debug|x64.ActiveCfg = Debug|x64
		{D350D787-0558-43B6-BC67-A72438820D19}.Debug|x64.Build.0 = Debug|x64
		{D350D787-0558-43B6-BC67-A72438820D19}.Debug|x86.ActiveCfg = Debug|Win32
		{D350D787-0558-43B6-BC67-A72438820D19}.Debug|x86.Build.0 = Debug|Win32
		{D350D787-0558-43B6-BC67-A72438820D19}.Release|x64.ActiveCfg = Release|x64
		{D350D787-0558-43B6-BC67-A72438820D19}.Release|x64.Build.0 = Release|x64
		{D350D787-0558-43B6-BC67-A72438820D19}.Release|x86.ActiveCfg = Release|Win32
		{D350D787-0558-43B6-BC67-A72438820D19}.Release|x86.Build.0 = Release|Win32
	EndGlobalSection
	GlobalSection(SolutionProperties) = preSolution
		HideSolutionNode = FALSE
	EndGlobalSection
	GlobalSection(ExtensibilityGlobals) = postSolution
		SolutionGuid = {F391F85A-B622-41A2-A93C-F4198F344EA6}
	EndGlobalSection
EndGlobal
